
Microsoft Visual Studio Solution File, Format Version 12.00
# Visual Studio Version 17
VisualStudioVersion = 17.14.36109.1
MinimumVisualStudioVersion = 10.0.40219.1
Project("{FAE04EC0-301F-11D3-BF4B-00C04F79EFBC}") = "Sistema_Cafeteria", "Sistema_cafeteria\Sistema_Cafeteria.csproj", "{E5D82C70-70CC-4E1C-AE32-8F94FE92D219}"
EndProject
Project("{FAE04EC0-301F-11D3-BF4B-00C04F79EFBC}") = "Sistema_Cafeteria.Test", "Sistema_Cafeteria.Test\Sistema_Cafeteria.Test.csproj", "{8AD15BC5-6E64-48C7-A94C-6138C4B292D2}"
EndProject
Global
	GlobalSection(SolutionConfigurationPlatforms) = preSolution
		Debug|Any CPU = Debug|Any CPU
		Release|Any CPU = Release|Any CPU
	EndGlobalSection
	GlobalSection(ProjectConfigurationPlatforms) = postSolution
		{E5D82C70-70CC-4E1C-AE32-8F94FE92D219}.Debug|Any CPU.ActiveCfg = Debug|Any CPU
		{E5D82C70-70CC-4E1C-AE32-8F94FE92D219}.Debug|Any CPU.Build.0 = Debug|Any CPU
		{E5D82C70-70CC-4E1C-AE32-8F94FE92D219}.Release|Any CPU.ActiveCfg = Release|Any CPU
		{E5D82C70-70CC-4E1C-AE32-8F94FE92D219}.Release|Any CPU.Build.0 = Release|Any CPU
		{8AD15BC5-6E64-48C7-A94C-6138C4B292D2}.Debug|Any CPU.ActiveCfg = Debug|Any CPU
		{8AD15BC5-6E64-48C7-A94C-6138C4B292D2}.Debug|Any CPU.Build.0 = Debug|Any CPU
		{8AD15BC5-6E64-48C7-A94C-6138C4B292D2}.Release|Any CPU.ActiveCfg = Release|Any CPU
		{8AD15BC5-6E64-48C7-A94C-6138C4B292D2}.Release|Any CPU.Build.0 = Release|Any CPU
	EndGlobalSection
	GlobalSection(SolutionProperties) = preSolution
		HideSolutionNode = FALSE
	EndGlobalSection
	GlobalSection(ExtensibilityGlobals) = postSolution
		SolutionGuid = {FA072DCC-EB21-4710-9E86-1DF0CC2EE03B}
	EndGlobalSection
EndGlobal
